
Microsoft Visual Studio Solution File, Format Version 12.00
# Visual Studio Version 16
VisualStudioVersion = 16.0.31025.194
MinimumVisualStudioVersion = 10.0.40219.1
Project("{FAE04EC0-301F-11D3-BF4B-00C04F79EFBC}") = "Create_Table", "Create_Table\Create_Table.csproj", "{C66D283E-8898-4D16-89FA-447D64CA4800}"
EndProject
Global
	GlobalSection(SolutionConfigurationPlatforms) = preSolution
		Debug|Any CPU = Debug|Any CPU
		Release|Any CPU = Release|Any CPU
	EndGlobalSection
	GlobalSection(ProjectConfigurationPlatforms) = postSolution
		{C66D283E-8898-4D16-89FA-447D64CA4800}.Debug|Any CPU.ActiveCfg = Debug|Any CPU
		{C66D283E-8898-4D16-89FA-447D64CA4800}.Debug|Any CPU.Build.0 = Debug|Any CPU
		{C66D283E-8898-4D16-89FA-447D64CA4800}.Release|Any CPU.ActiveCfg = Release|Any CPU
		{C66D283E-8898-4D16-89FA-447D64CA4800}.Release|Any CPU.Build.0 = Release|Any CPU
	EndGlobalSection
	GlobalSection(SolutionProperties) = preSolution
		HideSolutionNode = FALSE
	EndGlobalSection
	GlobalSection(ExtensibilityGlobals) = postSolution
		SolutionGuid = {2668CBD2-DFF2-478B-B202-EF57B6E444C5}
	EndGlobalSection
EndGlobal
